
Microsoft Visual Studio Solution File, Format Version 12.00
# Visual Studio Version 17
VisualStudioVersion = 17.3.32811.315
MinimumVisualStudioVersion = 10.0.40219.1
Project("{9A19103F-16F7-4668-BE54-9A1E7A4F7556}") = "HackerFramework", "HackerFramework\HackerFramework.csproj", "{E47F58ED-1BBE-47F4-9FA9-FACD2317FE90}"
EndProject
Global
	GlobalSection(SolutionConfigurationPlatforms) = preSolution
		Debug|Any CPU = Debug|Any CPU
		Debug|x86 = Debug|x86
		Release|Any CPU = Release|Any CPU
		Release|x86 = Release|x86
	EndGlobalSection
	GlobalSection(ProjectConfigurationPlatforms) = postSolution
		{E47F58ED-1BBE-47F4-9FA9-FACD2317FE90}.Debug|Any CPU.ActiveCfg = Debug|Any CPU
		{E47F58ED-1BBE-47F4-9FA9-FACD2317FE90}.Debug|Any CPU.Build.0 = Debug|Any CPU
		{E47F58ED-1BBE-47F4-9FA9-FACD2317FE90}.Debug|x86.ActiveCfg = Debug|x86
		{E47F58ED-1BBE-47F4-9FA9-FACD2317FE90}.Debug|x86.Build.0 = Debug|x86
		{E47F58ED-1BBE-47F4-9FA9-FACD2317FE90}.Release|Any CPU.ActiveCfg = Release|Any CPU
		{E47F58ED-1BBE-47F4-9FA9-FACD2317FE90}.Release|Any CPU.Build.0 = Release|Any CPU
		{E47F58ED-1BBE-47F4-9FA9-FACD2317FE90}.Release|x86.ActiveCfg = Release|x86
		{E47F58ED-1BBE-47F4-9FA9-FACD2317FE90}.Release|x86.Build.0 = Release|x86
	EndGlobalSection
	GlobalSection(SolutionProperties) = preSolution
		HideSolutionNode = FALSE
	EndGlobalSection
	GlobalSection(ExtensibilityGlobals) = postSolution
		SolutionGuid = {BAD854CC-5F15-4F95-94AA-37F63BD9746C}
	EndGlobalSection
EndGlobal
